// !$*UTF8*$!
{
	archiveVersion = 1;
	classes = {
	};
	objectVersion = 50;
	objects = {

/* Begin PBXBuildFile section */
		3415B199778B898C256FA558 /* Pods_TestHideTextField.framework in Frameworks */ = {isa = PBXBuildFile; fileRef = 3287E60A08598E739A7D57F5 /* Pods_TestHideTextField.framework */; };
		5E1936512330C39600B08FBA /* AppDelegate.swift in Sources */ = {isa = PBXBuildFile; fileRef = 5E1936502330C39600B08FBA /* AppDelegate.swift */; };
		5E1936532330C39600B08FBA /* ViewController.swift in Sources */ = {isa = PBXBuildFile; fileRef = 5E1936522330C39600B08FBA /* ViewController.swift */; };
		5E1936562330C39600B08FBA /* Main.storyboard in Resources */ = {isa = PBXBuildFile; fileRef = 5E1936542330C39600B08FBA /* Main.storyboard */; };
		5E1936582330C39700B08FBA /* Assets.xcassets in Resources */ = {isa = PBXBuildFile; fileRef = 5E1936572330C39700B08FBA /* Assets.xcassets */; };
		5E19365B2330C39700B08FBA /* LaunchScreen.storyboard in Resources */ = {isa = PBXBuildFile; fileRef = 5E1936592330C39700B08FBA /* LaunchScreen.storyboard */; };
/* End PBXBuildFile section */

/* Begin PBXFileReference section */
		3287E60A08598E739A7D57F5 /* Pods_TestHideTextField.framework */ = {isa = PBXFileReference; explicitFileType = wrapper.framework; includeInIndex = 0; path = Pods_TestHideTextField.framework; sourceTree = BUILT_PRODUCTS_DIR; };
		5E19364D2330C39500B08FBA /* TestHideTextField.app */ = {isa = PBXFileReference; explicitFileType = wrapper.application; includeInIndex = 0; path = TestHideTextField.app; sourceTree = BUILT_PRODUCTS_DIR; };
		5E1936502330C39600B08FBA /* AppDelegate.swift */ = {isa = PBXFileReference; lastKnownFileType = sourcecode.swift; path = AppDelegate.swift; sourceTree = "<group>"; };
		5E1936522330C39600B08FBA /* ViewController.swift */ = {isa = PBXFileReference; lastKnownFileType = sourcecode.swift; path = ViewController.swift; sourceTree = "<group>"; };
		5E1936552330C39600B08FBA /* Base */ = {isa = PBXFileReference; lastKnownFileType = file.storyboard; name = Base; path = Base.lproj/Main.storyboard; sourceTree = "<group>"; };
		5E1936572330C39700B08FBA /* Assets.xcassets */ = {isa = PBXFileReference; lastKnownFileType = folder.assetcatalog; path = Assets.xcassets; sourceTree = "<group>"; };
		5E19365A2330C39700B08FBA /* Base */ = {isa = PBXFileReference; lastKnownFileType = file.storyboard; name = Base; path = Base.lproj/LaunchScreen.storyboard; sourceTree = "<group>"; };
		5E19365C2330C39700B08FBA /* Info.plist */ = {isa = PBXFileReference; lastKnownFileType = text.plist.xml; path = Info.plist; sourceTree = "<group>"; };
		8F5958E1C06C1E16FDA0F494 /* Pods-TestHideTextField.debug.xcconfig */ = {isa = PBXFileReference; includeInIndex = 1; lastKnownFileType = text.xcconfig; name = "Pods-TestHideTextField.debug.xcconfig"; path = "Target Support Files/Pods-TestHideTextField/Pods-TestHideTextField.debug.xcconfig"; sourceTree = "<group>"; };
		BCF604A586876AEE820C2989 /* Pods-TestHideTextField.release.xcconfig */ = {isa = PBXFileReference; includeInIndex = 1; lastKnownFileType = text.xcconfig; name = "Pods-TestHideTextField.release.xcconfig"; path = "Target Support Files/Pods-TestHideTextField/Pods-TestHideTextField.release.xcconfig"; sourceTree = "<group>"; };
/* End PBXFileReference section */

/* Begin PBXFrameworksBuildPhase section */
		5E19364A2330C39500B08FBA /* Frameworks */ = {
			isa = PBXFrameworksBuildPhase;
			buildActionMask = 2147483647;
			files = (
				3415B199778B898C256FA558 /* Pods_TestHideTextField.framework in Frameworks */,
			);
			runOnlyForDeploymentPostprocessing = 0;
		};
/* End PBXFrameworksBuildPhase section */

/* Begin PBXGroup section */
		095B3A60DCC8573CE9B3AB21 /* Pods */ = {
			isa = PBXGroup;
			children = (
				8F5958E1C06C1E16FDA0F494 /* Pods-TestHideTextField.debug.xcconfig */,
				BCF604A586876AEE820C2989 /* Pods-TestHideTextField.release.xcconfig */,
			);
			name = Pods;
			path = Pods;
			sourceTree = "<group>";
		};
		51C06F00E79310638BF6338C /* Frameworks */ = {
			isa = PBXGroup;
			children = (
				3287E60A08598E739A7D57F5 /* Pods_TestHideTextField.framework */,
			);
			name = Frameworks;
			sourceTree = "<group>";
		};
		5E1936442330C39500B08FBA = {
			isa = PBXGroup;
			children = (
				5E19364F2330C39500B08FBA /* TestHideTextField */,
				5E19364E2330C39500B08FBA /* Products */,
				095B3A60DCC8573CE9B3AB21 /* Pods */,
				51C06F00E79310638BF6338C /* Frameworks */,
			);
			sourceTree = "<group>";
		};
		5E19364E2330C39500B08FBA /* Products */ = {
			isa = PBXGroup;
			children = (
				5E19364D2330C39500B08FBA /* TestHideTextField.app */,
			);
			name = Products;
			sourceTree = "<group>";
		};
		5E19364F2330C39500B08FBA /* TestHideTextField */ = {
			isa = PBXGroup;
			children = (
				5E1936502330C39600B08FBA /* AppDelegate.swift */,
				5E1936522330C39600B08FBA /* ViewController.swift */,
				5E1936542330C39600B08FBA /* Main.storyboard */,
				5E1936572330C39700B08FBA /* Assets.xcassets */,
				5E1936592330C39700B08FBA /* LaunchScreen.storyboard */,
				5E19365C2330C39700B08FBA /* Info.plist */,
			);
			path = TestHideTextField;
			sourceTree = "<group>";
		};
/* End PBXGroup section */

/* Begin PBXNativeTarget section */
		5E19364C2330C39500B08FBA /* TestHideTextField */ = {
			isa = PBXNativeTarget;
			buildConfigurationList = 5E19365F2330C39700B08FBA /* Build configuration list for PBXNativeTarget "TestHideTextField" */;
			buildPhases = (
				62D58A7DD44EFDBA40B68BCA /* [CP] Check Pods Manifest.lock */,
				5E1936492330C39500B08FBA /* Sources */,
				5E19364A2330C39500B08FBA /* Frameworks */,
				5E19364B2330C39500B08FBA /* Resources */,
				4B3D74BE2F4FFF6199E957DB /* [CP] Embed Pods Frameworks */,
			);
			buildRules = (
			);
			dependencies = (
			);
			name = TestHideTextField;
			productName = TestHideTextField;
			productReference = 5E19364D2330C39500B08FBA /* TestHideTextField.app */;
			productType = "com.apple.product-type.application";
		};
/* End PBXNativeTarget section */

/* Begin PBXProject section */
		5E1936452330C39500B08FBA /* Project object */ = {
			isa = PBXProject;
			attributes = {
				LastSwiftUpdateCheck = 1030;
				LastUpgradeCheck = 1030;
				ORGANIZATIONNAME = Cuong;
				TargetAttributes = {
					5E19364C2330C39500B08FBA = {
						CreatedOnToolsVersion = 10.3;
					};
				};
			};
			buildConfigurationList = 5E1936482330C39500B08FBA /* Build configuration list for PBXProject "TestHideTextField" */;
			compatibilityVersion = "Xcode 9.3";
			developmentRegion = en;
			hasScannedForEncodings = 0;
			knownRegions = (
				en,
				Base,
			);
			mainGroup = 5E1936442330C39500B08FBA;
			productRefGroup = 5E19364E2330C39500B08FBA /* Products */;
			projectDirPath = "";
			projectRoot = "";
			targets = (
				5E19364C2330C39500B08FBA /* TestHideTextField */,
			);
		};
/* End PBXProject section */

/* Begin PBXResourcesBuildPhase section */
		5E19364B2330C39500B08FBA /* Resources */ = {
			isa = PBXResourcesBuildPhase;
			buildActionMask = 2147483647;
			files = (
				5E19365B2330C39700B08FBA /* LaunchScreen.storyboard in Resources */,
				5E1936582330C39700B08FBA /* Assets.xcassets in Resources */,
				5E1936562330C39600B08FBA /* Main.storyboard in Resources */,
			);
			runOnlyForDeploymentPostprocessing = 0;
		};
/* End PBXResourcesBuildPhase section */

/* Begin PBXShellScriptBuildPhase section */
		4B3D74BE2F4FFF6199E957DB /* [CP] Embed Pods Frameworks */ = {
			isa = PBXShellScriptBuildPhase;
			buildActionMask = 2147483647;
			files = (
			);
			inputFileListPaths = (
				"${PODS_ROOT}/Target Support Files/Pods-TestHideTextField/Pods-TestHideTextField-frameworks-${CONFIGURATION}-input-files.xcfilelist",
			);
			name = "[CP] Embed Pods Frameworks";
			outputFileListPaths = (
				"${PODS_ROOT}/Target Support Files/Pods-TestHideTextField/Pods-TestHideTextField-frameworks-${CONFIGURATION}-output-files.xcfilelist",
			);
			runOnlyForDeploymentPostprocessing = 0;
			shellPath = /bin/sh;
			shellScript = "\"${PODS_ROOT}/Target Support Files/Pods-TestHideTextField/Pods-TestHideTextField-frameworks.sh\"\n";
			showEnvVarsInLog = 0;
		};
		62D58A7DD44EFDBA40B68BCA /* [CP] Check Pods Manifest.lock */ = {
			isa = PBXShellScriptBuildPhase;
			buildActionMask = 2147483647;
			files = (
			);
			inputFileListPaths = (
			);
			inputPaths = (
				"${PODS_PODFILE_DIR_PATH}/Podfile.lock",
				"${PODS_ROOT}/Manifest.lock",
			);
			name = "[CP] Check Pods Manifest.lock";
			outputFileListPaths = (
			);
			outputPaths = (
				"$(DERIVED_FILE_DIR)/Pods-TestHideTextField-checkManifestLockResult.txt",
			);
			runOnlyForDeploymentPostprocessing = 0;
			shellPath = /bin/sh;
			shellScript = "diff \"${PODS_PODFILE_DIR_PATH}/Podfile.lock\" \"${PODS_ROOT}/Manifest.lock\" > /dev/null\nif [ $? != 0 ] ; then\n    # print error to STDERR\n    echo \"error: The sandbox is not in sync with the Podfile.lock. Run 'pod install' or update your CocoaPods installation.\" >&2\n    exit 1\nfi\n# This output is used by Xcode 'outputs' to avoid re-running this script phase.\necho \"SUCCESS\" > \"${SCRIPT_OUTPUT_FILE_0}\"\n";
			showEnvVarsInLog = 0;
		};
/* End PBXShellScriptBuildPhase section */

/* Begin PBXSourcesBuildPhase section */
		5E1936492330C39500B08FBA /* Sources */ = {
			isa = PBXSourcesBuildPhase;
			buildActionMask = 2147483647;
			files = (
				5E1936532330C39600B08FBA /* ViewController.swift in Sources */,
				5E1936512330C39600B08FBA /* AppDelegate.swift in Sources */,
			);
			runOnlyForDeploymentPostprocessing = 0;
		};
/* End PBXSourcesBuildPhase section */

/* Begin PBXVariantGroup section */
		5E1936542330C39600B08FBA /* Main.storyboard */ = {
			isa = PBXVariantGroup;
			children = (
				5E1936552330C39600B08FBA /* Base */,
			);
			name = Main.storyboard;
			sourceTree = "<group>";
		};
		5E1936592330C39700B08FBA /* LaunchScreen.storyboard */ = {
			isa = PBXVariantGroup;
			children = (
				5E19365A2330C39700B08FBA /* Base */,
			);
			name = LaunchScreen.storyboard;
			sourceTree = "<group>";
		};
/* End PBXVariantGroup section */

/* Begin XCBuildConfiguration section */
		5E19365D2330C39700B08FBA /* Debug */ = {
			isa = XCBuildConfiguration;
			buildSettings = {
				ALWAYS_SEARCH_USER_PATHS = NO;
				CLANG_ANALYZER_NONNULL = YES;
				CLANG_ANALYZER_NUMBER_OBJECT_CONVERSION = YES_AGGRESSIVE;
				CLANG_CXX_LANGUAGE_STANDARD = "gnu++14";
				CLANG_CXX_LIBRARY = "libc++";
				CLANG_ENABLE_MODULES = YES;
				CLANG_ENABLE_OBJC_ARC = YES;
				CLANG_ENABLE_OBJC_WEAK = YES;
				CLANG_WARN_BLOCK_CAPTURE_AUTORELEASING = YES;
				CLANG_WARN_BOOL_CONVERSION = YES;
				CLANG_WARN_COMMA = YES;
				CLANG_WARN_CONSTANT_CONVERSION = YES;
				CLANG_WARN_DEPRECATED_OBJC_IMPLEMENTATIONS = YES;
				CLANG_WARN_DIRECT_OBJC_ISA_USAGE = YES_ERROR;
				CLANG_WARN_DOCUMENTATION_COMMENTS = YES;
				CLANG_WARN_EMPTY_BODY = YES;
				CLANG_WARN_ENUM_CONVERSION = YES;
				CLANG_WARN_INFINITE_RECURSION = YES;
				CLANG_WARN_INT_CONVERSION = YES;
				CLANG_WARN_NON_LITERAL_NULL_CONVERSION = YES;
				CLANG_WARN_OBJC_IMPLICIT_RETAIN_SELF = YES;
				CLANG_WARN_OBJC_LITERAL_CONVERSION = YES;
				CLANG_WARN_OBJC_ROOT_CLASS = YES_ERROR;
				CLANG_WARN_RANGE_LOOP_ANALYSIS = YES;
				CLANG_WARN_STRICT_PROTOTYPES = YES;
				CLANG_WARN_SUSPICIOUS_MOVE = YES;
				CLANG_WARN_UNGUARDED_AVAILABILITY = YES_AGGRESSIVE;
				CLANG_WARN_UNREACHABLE_CODE = YES;
				CLANG_WARN__DUPLICATE_METHOD_MATCH = YES;
				CODE_SIGN_IDENTITY = "iPhone Developer";
				COPY_PHASE_STRIP = NO;
				DEBUG_INFORMATION_FORMAT = dwarf;
				ENABLE_STRICT_OBJC_MSGSEND = YES;
				ENABLE_TESTABILITY = YES;
				GCC_C_LANGUAGE_STANDARD = gnu11;
				GCC_DYNAMIC_NO_PIC = NO;
				GCC_NO_COMMON_BLOCKS = YES;
				GCC_OPTIMIZATION_LEVEL = 0;
				GCC_PREPROCESSOR_DEFINITIONS = (
					"DEBUG=1",
					"$(inherited)",
				);
				GCC_WARN_64_TO_32_BIT_CONVERSION = YES;
				GCC_WARN_ABOUT_RETURN_TYPE = YES_ERROR;
				GCC_WARN_UNDECLARED_SELECTOR = YES;
				GCC_WARN_UNINITIALIZED_AUTOS = YES_AGGRESSIVE;
				GCC_WARN_UNUSED_FUNCTION = YES;
				GCC_WARN_UNUSED_VARIABLE = YES;
				IPHONEOS_DEPLOYMENT_TARGET = 12.4;
				MTL_ENABLE_DEBUG_INFO = INCLUDE_SOURCE;
				MTL_FAST_MATH = YES;
				ONLY_ACTIVE_ARCH = YES;
				SDKROOT = iphoneos;
				SWIFT_ACTIVE_COMPILATION_CONDITIONS = DEBUG;
				SWIFT_OPTIMIZATION_LEVEL = "-Onone";
			};
			name = Debug;
		};
		5E19365E2330C39700B08FBA /* Release */ = {
			isa = XCBuildConfiguration;
			buildSettings = {
				ALWAYS_SEARCH_USER_PATHS = NO;
				CLANG_ANALYZER_NONNULL = YES;
				CLANG_ANALYZER_NUMBER_OBJECT_CONVERSION = YES_AGGRESSIVE;
				CLANG_CXX_LANGUAGE_STANDARD = "gnu++14";
				CLANG_CXX_LIBRARY = "libc++";
				CLANG_ENABLE_MODULES = YES;
				CLANG_ENABLE_OBJC_ARC = YES;
				CLANG_ENABLE_OBJC_WEAK = YES;
				CLANG_WARN_BLOCK_CAPTURE_AUTORELEASING = YES;
				CLANG_WARN_BOOL_CONVERSION = YES;
				CLANG_WARN_COMMA = YES;
				CLANG_WARN_CONSTANT_CONVERSION = YES;
				CLANG_WARN_DEPRECATED_OBJC_IMPLEMENTATIONS = YES;
				CLANG_WARN_DIRECT_OBJC_ISA_USAGE = YES_ERROR;
				CLANG_WARN_DOCUMENTATION_COMMENTS = YES;
				CLANG_WARN_EMPTY_BODY = YES;
				CLANG_WARN_ENUM_CONVERSION = YES;
				CLANG_WARN_INFINITE_RECURSION = YES;
				CLANG_WARN_INT_CONVERSION = YES;
				CLANG_WARN_NON_LITERAL_NULL_CONVERSION = YES;
				CLANG_WARN_OBJC_IMPLICIT_RETAIN_SELF = YES;
				CLANG_WARN_OBJC_LITERAL_CONVERSION = YES;
				CLANG_WARN_OBJC_ROOT_CLASS = YES_ERROR;
				CLANG_WARN_RANGE_LOOP_ANALYSIS = YES;
				CLANG_WARN_STRICT_PROTOTYPES = YES;
				CLANG_WARN_SUSPICIOUS_MOVE = YES;
				CLANG_WARN_UNGUARDED_AVAILABILITY = YES_AGGRESSIVE;
				CLANG_WARN_UNREACHABLE_CODE = YES;
				CLANG_WARN__DUPLICATE_METHOD_MATCH = YES;
				CODE_SIGN_IDENTITY = "iPhone Developer";
				COPY_PHASE_STRIP = NO;
				DEBUG_INFORMATION_FORMAT = "dwarf-with-dsym";
				ENABLE_NS_ASSERTIONS = NO;
				ENABLE_STRICT_OBJC_MSGSEND = YES;
				GCC_C_LANGUAGE_STANDARD = gnu11;
				GCC_NO_COMMON_BLOCKS = YES;
				GCC_WARN_64_TO_32_BIT_CONVERSION = YES;
				GCC_WARN_ABOUT_RETURN_TYPE = YES_ERROR;
				GCC_WARN_UNDECLARED_SELECTOR = YES;
				GCC_WARN_UNINITIALIZED_AUTOS = YES_AGGRESSIVE;
				GCC_WARN_UNUSED_FUNCTION = YES;
				GCC_WARN_UNUSED_VARIABLE = YES;
				IPHONEOS_DEPLOYMENT_TARGET = 12.4;
				MTL_ENABLE_DEBUG_INFO = NO;
				MTL_FAST_MATH = YES;
				SDKROOT = iphoneos;
				SWIFT_COMPILATION_MODE = wholemodule;
				SWIFT_OPTIMIZATION_LEVEL = "-O";
				VALIDATE_PRODUCT = YES;
			};
			name = Release;
		};
		5E1936602330C39700B08FBA /* Debug */ = {
			isa = XCBuildConfiguration;
			baseConfigurationReference = 8F5958E1C06C1E16FDA0F494 /* Pods-TestHideTextField.debug.xcconfig */;
			buildSettings = {
				ASSETCATALOG_COMPILER_APPICON_NAME = AppIcon;
				CODE_SIGN_STYLE = Automatic;
				INFOPLIST_FILE = TestHideTextField/Info.plist;
				LD_RUNPATH_SEARCH_PATHS = (
					"$(inherited)",
					"@executable_path/Frameworks",
				);
				PRODUCT_BUNDLE_IDENTIFIER = CuongDD.TestHideTextField;
				PRODUCT_NAME = "$(TARGET_NAME)";
				SWIFT_VERSION = 5.0;
				TARGETED_DEVICE_FAMILY = "1,2";
			};
			name = Debug;
		};
		5E1936612330C39700B08FBA /* Release */ = {
			isa = XCBuildConfiguration;
			baseConfigurationReference = BCF604A586876AEE820C2989 /* Pods-TestHideTextField.release.xcconfig */;
			buildSettings = {
				ASSETCATALOG_COMPILER_APPICON_NAME = AppIcon;
				CODE_SIGN_STYLE = Automatic;
				INFOPLIST_FILE = TestHideTextField/Info.plist;
				LD_RUNPATH_SEARCH_PATHS = (
					"$(inherited)",
					"@executable_path/Frameworks",
				);
				PRODUCT_BUNDLE_IDENTIFIER = CuongDD.TestHideTextField;
				PRODUCT_NAME = "$(TARGET_NAME)";
				SWIFT_VERSION = 5.0;
				TARGETED_DEVICE_FAMILY = "1,2";
			};
			name = Release;
		};
/* End XCBuildConfiguration section */

/* Begin XCConfigurationList section */
		5E1936482330C39500B08FBA /* Build configuration list for PBXProject "TestHideTextField" */ = {
			isa = XCConfigurationList;
			buildConfigurations = (
				5E19365D2330C39700B08FBA /* Debug */,
				5E19365E2330C39700B08FBA /* Release */,
			);
			defaultConfigurationIsVisible = 0;
			defaultConfigurationName = Release;
		};
		5E19365F2330C39700B08FBA /* Build configuration list for PBXNativeTarget "TestHideTextField" */ = {
			isa = XCConfigurationList;
			buildConfigurations = (
				5E1936602330C39700B08FBA /* Debug */,
				5E1936612330C39700B08FBA /* Release */,
			);
			defaultConfigurationIsVisible = 0;
			defaultConfigurationName = Release;
		};
/* End XCConfigurationList section */
	};
	rootObject = 5E1936452330C39500B08FBA /* Project object */;
}
